// !$*UTF8*$!
{
	archiveVersion = 1;
	classes = {
	};
	objectVersion = 48;
	objects = {

/* Begin PBXBuildFile section */
		6E59C240214A2BBF00B88D42 /* AppDelegate.swift in Sources */ = {isa = PBXBuildFile; fileRef = 6E59C23F214A2BBF00B88D42 /* AppDelegate.swift */; };
		6E59C242214A2BBF00B88D42 /* ViewController.swift in Sources */ = {isa = PBXBuildFile; fileRef = 6E59C241214A2BBF00B88D42 /* ViewController.swift */; };
		6E59C245214A2BBF00B88D42 /* Main.storyboard in Resources */ = {isa = PBXBuildFile; fileRef = 6E59C243214A2BBF00B88D42 /* Main.storyboard */; };
		6E59C247214A2BBF00B88D42 /* Assets.xcassets in Resources */ = {isa = PBXBuildFile; fileRef = 6E59C246214A2BBF00B88D42 /* Assets.xcassets */; };
		6E59C24A214A2BBF00B88D42 /* LaunchScreen.storyboard in Resources */ = {isa = PBXBuildFile; fileRef = 6E59C248214A2BBF00B88D42 /* LaunchScreen.storyboard */; };
		6E59C253214A3BDA00B88D42 /* CompanyViewModel.swift in Sources */ = {isa = PBXBuildFile; fileRef = 6E59C252214A3BDA00B88D42 /* CompanyViewModel.swift */; };
		6E59C255214A3C3600B88D42 /* Company.swift in Sources */ = {isa = PBXBuildFile; fileRef = 6E59C254214A3C3600B88D42 /* Company.swift */; };
		6E59C257214A50F400B88D42 /* CompanyCell.swift in Sources */ = {isa = PBXBuildFile; fileRef = 6E59C256214A50F400B88D42 /* CompanyCell.swift */; };
		6E59C25F214A5C1700B88D42 /* MVVMExampleTests.swift in Sources */ = {isa = PBXBuildFile; fileRef = 6E59C25E214A5C1700B88D42 /* MVVMExampleTests.swift */; };
		6E59C267214A617100B88D42 /* UserViewModel.swift in Sources */ = {isa = PBXBuildFile; fileRef = 6E59C266214A617100B88D42 /* UserViewModel.swift */; };
		6E59C269214A621000B88D42 /* LoginViewController.swift in Sources */ = {isa = PBXBuildFile; fileRef = 6E59C268214A621000B88D42 /* LoginViewController.swift */; };
/* End PBXBuildFile section */

/* Begin PBXContainerItemProxy section */
		6E59C261214A5C1700B88D42 /* PBXContainerItemProxy */ = {
			isa = PBXContainerItemProxy;
			containerPortal = 6E59C234214A2BBF00B88D42 /* Project object */;
			proxyType = 1;
			remoteGlobalIDString = 6E59C23B214A2BBF00B88D42;
			remoteInfo = MVVMExample;
		};
/* End PBXContainerItemProxy section */

/* Begin PBXFileReference section */
		6E59C23C214A2BBF00B88D42 /* MVVMExample.app */ = {isa = PBXFileReference; explicitFileType = wrapper.application; includeInIndex = 0; path = MVVMExample.app; sourceTree = BUILT_PRODUCTS_DIR; };
		6E59C23F214A2BBF00B88D42 /* AppDelegate.swift */ = {isa = PBXFileReference; lastKnownFileType = sourcecode.swift; path = AppDelegate.swift; sourceTree = "<group>"; };
		6E59C241214A2BBF00B88D42 /* ViewController.swift */ = {isa = PBXFileReference; lastKnownFileType = sourcecode.swift; path = ViewController.swift; sourceTree = "<group>"; };
		6E59C244214A2BBF00B88D42 /* Base */ = {isa = PBXFileReference; lastKnownFileType = file.storyboard; name = Base; path = Base.lproj/Main.storyboard; sourceTree = "<group>"; };
		6E59C246214A2BBF00B88D42 /* Assets.xcassets */ = {isa = PBXFileReference; lastKnownFileType = folder.assetcatalog; path = Assets.xcassets; sourceTree = "<group>"; };
		6E59C249214A2BBF00B88D42 /* Base */ = {isa = PBXFileReference; lastKnownFileType = file.storyboard; name = Base; path = Base.lproj/LaunchScreen.storyboard; sourceTree = "<group>"; };
		6E59C24B214A2BBF00B88D42 /* Info.plist */ = {isa = PBXFileReference; lastKnownFileType = text.plist.xml; path = Info.plist; sourceTree = "<group>"; };
		6E59C252214A3BDA00B88D42 /* CompanyViewModel.swift */ = {isa = PBXFileReference; lastKnownFileType = sourcecode.swift; path = CompanyViewModel.swift; sourceTree = "<group>"; };
		6E59C254214A3C3600B88D42 /* Company.swift */ = {isa = PBXFileReference; lastKnownFileType = sourcecode.swift; path = Company.swift; sourceTree = "<group>"; };
		6E59C256214A50F400B88D42 /* CompanyCell.swift */ = {isa = PBXFileReference; lastKnownFileType = sourcecode.swift; path = CompanyCell.swift; sourceTree = "<group>"; };
		6E59C25C214A5C1600B88D42 /* MVVMExampleTests.xctest */ = {isa = PBXFileReference; explicitFileType = wrapper.cfbundle; includeInIndex = 0; path = MVVMExampleTests.xctest; sourceTree = BUILT_PRODUCTS_DIR; };
		6E59C25E214A5C1700B88D42 /* MVVMExampleTests.swift */ = {isa = PBXFileReference; lastKnownFileType = sourcecode.swift; path = MVVMExampleTests.swift; sourceTree = "<group>"; };
		6E59C260214A5C1700B88D42 /* Info.plist */ = {isa = PBXFileReference; lastKnownFileType = text.plist.xml; path = Info.plist; sourceTree = "<group>"; };
		6E59C266214A617100B88D42 /* UserViewModel.swift */ = {isa = PBXFileReference; lastKnownFileType = sourcecode.swift; path = UserViewModel.swift; sourceTree = "<group>"; };
		6E59C268214A621000B88D42 /* LoginViewController.swift */ = {isa = PBXFileReference; lastKnownFileType = sourcecode.swift; path = LoginViewController.swift; sourceTree = "<group>"; };
/* End PBXFileReference section */

/* Begin PBXFrameworksBuildPhase section */
		6E59C239214A2BBF00B88D42 /* Frameworks */ = {
			isa = PBXFrameworksBuildPhase;
			buildActionMask = 2147483647;
			files = (
			);
			runOnlyForDeploymentPostprocessing = 0;
		};
		6E59C259214A5C1600B88D42 /* Frameworks */ = {
			isa = PBXFrameworksBuildPhase;
			buildActionMask = 2147483647;
			files = (
			);
			runOnlyForDeploymentPostprocessing = 0;
		};
/* End PBXFrameworksBuildPhase section */

/* Begin PBXGroup section */
		6E59C233214A2BBF00B88D42 = {
			isa = PBXGroup;
			children = (
				6E59C23E214A2BBF00B88D42 /* MVVMExample */,
				6E59C25D214A5C1700B88D42 /* MVVMExampleTests */,
				6E59C23D214A2BBF00B88D42 /* Products */,
			);
			sourceTree = "<group>";
		};
		6E59C23D214A2BBF00B88D42 /* Products */ = {
			isa = PBXGroup;
			children = (
				6E59C23C214A2BBF00B88D42 /* MVVMExample.app */,
				6E59C25C214A5C1600B88D42 /* MVVMExampleTests.xctest */,
			);
			name = Products;
			sourceTree = "<group>";
		};
		6E59C23E214A2BBF00B88D42 /* MVVMExample */ = {
			isa = PBXGroup;
			children = (
				6E59C23F214A2BBF00B88D42 /* AppDelegate.swift */,
				6E59C254214A3C3600B88D42 /* Company.swift */,
				6E59C256214A50F400B88D42 /* CompanyCell.swift */,
				6E59C251214A3BC200B88D42 /* ViewModel */,
				6E59C241214A2BBF00B88D42 /* ViewController.swift */,
				6E59C268214A621000B88D42 /* LoginViewController.swift */,
				6E59C243214A2BBF00B88D42 /* Main.storyboard */,
				6E59C246214A2BBF00B88D42 /* Assets.xcassets */,
				6E59C248214A2BBF00B88D42 /* LaunchScreen.storyboard */,
				6E59C24B214A2BBF00B88D42 /* Info.plist */,
			);
			path = MVVMExample;
			sourceTree = "<group>";
		};
		6E59C251214A3BC200B88D42 /* ViewModel */ = {
			isa = PBXGroup;
			children = (
				6E59C252214A3BDA00B88D42 /* CompanyViewModel.swift */,
				6E59C266214A617100B88D42 /* UserViewModel.swift */,
			);
			path = ViewModel;
			sourceTree = "<group>";
		};
		6E59C25D214A5C1700B88D42 /* MVVMExampleTests */ = {
			isa = PBXGroup;
			children = (
				6E59C25E214A5C1700B88D42 /* MVVMExampleTests.swift */,
				6E59C260214A5C1700B88D42 /* Info.plist */,
			);
			path = MVVMExampleTests;
			sourceTree = "<group>";
		};
/* End PBXGroup section */

/* Begin PBXNativeTarget section */
		6E59C23B214A2BBF00B88D42 /* MVVMExample */ = {
			isa = PBXNativeTarget;
			buildConfigurationList = 6E59C24E214A2BBF00B88D42 /* Build configuration list for PBXNativeTarget "MVVMExample" */;
			buildPhases = (
				6E59C238214A2BBF00B88D42 /* Sources */,
				6E59C239214A2BBF00B88D42 /* Frameworks */,
				6E59C23A214A2BBF00B88D42 /* Resources */,
			);
			buildRules = (
			);
			dependencies = (
			);
			name = MVVMExample;
			productName = MVVMExample;
			productReference = 6E59C23C214A2BBF00B88D42 /* MVVMExample.app */;
			productType = "com.apple.product-type.application";
		};
		6E59C25B214A5C1600B88D42 /* MVVMExampleTests */ = {
			isa = PBXNativeTarget;
			buildConfigurationList = 6E59C263214A5C1700B88D42 /* Build configuration list for PBXNativeTarget "MVVMExampleTests" */;
			buildPhases = (
				6E59C258214A5C1600B88D42 /* Sources */,
				6E59C259214A5C1600B88D42 /* Frameworks */,
				6E59C25A214A5C1600B88D42 /* Resources */,
			);
			buildRules = (
			);
			dependencies = (
				6E59C262214A5C1700B88D42 /* PBXTargetDependency */,
			);
			name = MVVMExampleTests;
			productName = MVVMExampleTests;
			productReference = 6E59C25C214A5C1600B88D42 /* MVVMExampleTests.xctest */;
			productType = "com.apple.product-type.bundle.unit-test";
		};
/* End PBXNativeTarget section */

/* Begin PBXProject section */
		6E59C234214A2BBF00B88D42 /* Project object */ = {
			isa = PBXProject;
			attributes = {
				LastSwiftUpdateCheck = 0900;
				LastUpgradeCheck = 0900;
				ORGANIZATIONNAME = anoop;
				TargetAttributes = {
					6E59C23B214A2BBF00B88D42 = {
						CreatedOnToolsVersion = 9.0;
						ProvisioningStyle = Manual;
					};
					6E59C25B214A5C1600B88D42 = {
						CreatedOnToolsVersion = 9.0;
						ProvisioningStyle = Automatic;
						TestTargetID = 6E59C23B214A2BBF00B88D42;
					};
				};
			};
			buildConfigurationList = 6E59C237214A2BBF00B88D42 /* Build configuration list for PBXProject "MVVMExample" */;
			compatibilityVersion = "Xcode 8.0";
			developmentRegion = en;
			hasScannedForEncodings = 0;
			knownRegions = (
				en,
				Base,
			);
			mainGroup = 6E59C233214A2BBF00B88D42;
			productRefGroup = 6E59C23D214A2BBF00B88D42 /* Products */;
			projectDirPath = "";
			projectRoot = "";
			targets = (
				6E59C23B214A2BBF00B88D42 /* MVVMExample */,
				6E59C25B214A5C1600B88D42 /* MVVMExampleTests */,
			);
		};
/* End PBXProject section */

/* Begin PBXResourcesBuildPhase section */
		6E59C23A214A2BBF00B88D42 /* Resources */ = {
			isa = PBXResourcesBuildPhase;
			buildActionMask = 2147483647;
			files = (
				6E59C24A214A2BBF00B88D42 /* LaunchScreen.storyboard in Resources */,
				6E59C247214A2BBF00B88D42 /* Assets.xcassets in Resources */,
				6E59C245214A2BBF00B88D42 /* Main.storyboard in Resources */,
			);
			runOnlyForDeploymentPostprocessing = 0;
		};
		6E59C25A214A5C1600B88D42 /* Resources */ = {
			isa = PBXResourcesBuildPhase;
			buildActionMask = 2147483647;
			files = (
			);
			runOnlyForDeploymentPostprocessing = 0;
		};
/* End PBXResourcesBuildPhase section */

/* Begin PBXSourcesBuildPhase section */
		6E59C238214A2BBF00B88D42 /* Sources */ = {
			isa = PBXSourcesBuildPhase;
			buildActionMask = 2147483647;
			files = (
				6E59C269214A621000B88D42 /* LoginViewController.swift in Sources */,
				6E59C257214A50F400B88D42 /* CompanyCell.swift in Sources */,
				6E59C267214A617100B88D42 /* UserViewModel.swift in Sources */,
				6E59C255214A3C3600B88D42 /* Company.swift in Sources */,
				6E59C242214A2BBF00B88D42 /* ViewController.swift in Sources */,
				6E59C253214A3BDA00B88D42 /* CompanyViewModel.swift in Sources */,
				6E59C240214A2BBF00B88D42 /* AppDelegate.swift in Sources */,
			);
			runOnlyForDeploymentPostprocessing = 0;
		};
		6E59C258214A5C1600B88D42 /* Sources */ = {
			isa = PBXSourcesBuildPhase;
			buildActionMask = 2147483647;
			files = (
				6E59C25F214A5C1700B88D42 /* MVVMExampleTests.swift in Sources */,
			);
			runOnlyForDeploymentPostprocessing = 0;
		};
/* End PBXSourcesBuildPhase section */

/* Begin PBXTargetDependency section */
		6E59C262214A5C1700B88D42 /* PBXTargetDependency */ = {
			isa = PBXTargetDependency;
			target = 6E59C23B214A2BBF00B88D42 /* MVVMExample */;
			targetProxy = 6E59C261214A5C1700B88D42 /* PBXContainerItemProxy */;
		};
/* End PBXTargetDependency section */

/* Begin PBXVariantGroup section */
		6E59C243214A2BBF00B88D42 /* Main.storyboard */ = {
			isa = PBXVariantGroup;
			children = (
				6E59C244214A2BBF00B88D42 /* Base */,
			);
			name = Main.storyboard;
			sourceTree = "<group>";
		};
		6E59C248214A2BBF00B88D42 /* LaunchScreen.storyboard */ = {
			isa = PBXVariantGroup;
			children = (
				6E59C249214A2BBF00B88D42 /* Base */,
			);
			name = LaunchScreen.storyboard;
			sourceTree = "<group>";
		};
/* End PBXVariantGroup section */

/* Begin XCBuildConfiguration section */
		6E59C24C214A2BBF00B88D42 /* Debug */ = {
			isa = XCBuildConfiguration;
			buildSettings = {
				ALWAYS_SEARCH_USER_PATHS = NO;
				CLANG_ANALYZER_NONNULL = YES;
				CLANG_ANALYZER_NUMBER_OBJECT_CONVERSION = YES_AGGRESSIVE;
				CLANG_CXX_LANGUAGE_STANDARD = "gnu++14";
				CLANG_CXX_LIBRARY = "libc++";
				CLANG_ENABLE_MODULES = YES;
				CLANG_ENABLE_OBJC_ARC = YES;
				CLANG_WARN_BLOCK_CAPTURE_AUTORELEASING = YES;
				CLANG_WARN_BOOL_CONVERSION = YES;
				CLANG_WARN_COMMA = YES;
				CLANG_WARN_CONSTANT_CONVERSION = YES;
				CLANG_WARN_DIRECT_OBJC_ISA_USAGE = YES_ERROR;
				CLANG_WARN_DOCUMENTATION_COMMENTS = YES;
				CLANG_WARN_EMPTY_BODY = YES;
				CLANG_WARN_ENUM_CONVERSION = YES;
				CLANG_WARN_INFINITE_RECURSION = YES;
				CLANG_WARN_INT_CONVERSION = YES;
				CLANG_WARN_NON_LITERAL_NULL_CONVERSION = YES;
				CLANG_WARN_OBJC_LITERAL_CONVERSION = YES;
				CLANG_WARN_OBJC_ROOT_CLASS = YES_ERROR;
				CLANG_WARN_RANGE_LOOP_ANALYSIS = YES;
				CLANG_WARN_STRICT_PROTOTYPES = YES;
				CLANG_WARN_SUSPICIOUS_MOVE = YES;
				CLANG_WARN_UNGUARDED_AVAILABILITY = YES_AGGRESSIVE;
				CLANG_WARN_UNREACHABLE_CODE = YES;
				CLANG_WARN__DUPLICATE_METHOD_MATCH = YES;
				CODE_SIGN_IDENTITY = "iPhone Developer";
				COPY_PHASE_STRIP = NO;
				DEBUG_INFORMATION_FORMAT = dwarf;
				ENABLE_STRICT_OBJC_MSGSEND = YES;
				ENABLE_TESTABILITY = YES;
				GCC_C_LANGUAGE_STANDARD = gnu11;
				GCC_DYNAMIC_NO_PIC = NO;
				GCC_NO_COMMON_BLOCKS = YES;
				GCC_OPTIMIZATION_LEVEL = 0;
				GCC_PREPROCESSOR_DEFINITIONS = (
					"DEBUG=1",
					"$(inherited)",
				);
				GCC_WARN_64_TO_32_BIT_CONVERSION = YES;
				GCC_WARN_ABOUT_RETURN_TYPE = YES_ERROR;
				GCC_WARN_UNDECLARED_SELECTOR = YES;
				GCC_WARN_UNINITIALIZED_AUTOS = YES_AGGRESSIVE;
				GCC_WARN_UNUSED_FUNCTION = YES;
				GCC_WARN_UNUSED_VARIABLE = YES;
				IPHONEOS_DEPLOYMENT_TARGET = 11.0;
				MTL_ENABLE_DEBUG_INFO = YES;
				ONLY_ACTIVE_ARCH = YES;
				SDKROOT = iphoneos;
				SWIFT_ACTIVE_COMPILATION_CONDITIONS = DEBUG;
				SWIFT_OPTIMIZATION_LEVEL = "-Onone";
			};
			name = Debug;
		};
		6E59C24D214A2BBF00B88D42 /* Release */ = {
			isa = XCBuildConfiguration;
			buildSettings = {
				ALWAYS_SEARCH_USER_PATHS = NO;
				CLANG_ANALYZER_NONNULL = YES;
				CLANG_ANALYZER_NUMBER_OBJECT_CONVERSION = YES_AGGRESSIVE;
				CLANG_CXX_LANGUAGE_STANDARD = "gnu++14";
				CLANG_CXX_LIBRARY = "libc++";
				CLANG_ENABLE_MODULES = YES;
				CLANG_ENABLE_OBJC_ARC = YES;
				CLANG_WARN_BLOCK_CAPTURE_AUTORELEASING = YES;
				CLANG_WARN_BOOL_CONVERSION = YES;
				CLANG_WARN_COMMA = YES;
				CLANG_WARN_CONSTANT_CONVERSION = YES;
				CLANG_WARN_DIRECT_OBJC_ISA_USAGE = YES_ERROR;
				CLANG_WARN_DOCUMENTATION_COMMENTS = YES;
				CLANG_WARN_EMPTY_BODY = YES;
				CLANG_WARN_ENUM_CONVERSION = YES;
				CLANG_WARN_INFINITE_RECURSION = YES;
				CLANG_WARN_INT_CONVERSION = YES;
				CLANG_WARN_NON_LITERAL_NULL_CONVERSION = YES;
				CLANG_WARN_OBJC_LITERAL_CONVERSION = YES;
				CLANG_WARN_OBJC_ROOT_CLASS = YES_ERROR;
				CLANG_WARN_RANGE_LOOP_ANALYSIS = YES;
				CLANG_WARN_STRICT_PROTOTYPES = YES;
				CLANG_WARN_SUSPICIOUS_MOVE = YES;
				CLANG_WARN_UNGUARDED_AVAILABILITY = YES_AGGRESSIVE;
				CLANG_WARN_UNREACHABLE_CODE = YES;
				CLANG_WARN__DUPLICATE_METHOD_MATCH = YES;
				CODE_SIGN_IDENTITY = "iPhone Developer";
				COPY_PHASE_STRIP = NO;
				DEBUG_INFORMATION_FORMAT = "dwarf-with-dsym";
				ENABLE_NS_ASSERTIONS = NO;
				ENABLE_STRICT_OBJC_MSGSEND = YES;
				GCC_C_LANGUAGE_STANDARD = gnu11;
				GCC_NO_COMMON_BLOCKS = YES;
				GCC_WARN_64_TO_32_BIT_CONVERSION = YES;
				GCC_WARN_ABOUT_RETURN_TYPE = YES_ERROR;
				GCC_WARN_UNDECLARED_SELECTOR = YES;
				GCC_WARN_UNINITIALIZED_AUTOS = YES_AGGRESSIVE;
				GCC_WARN_UNUSED_FUNCTION = YES;
				GCC_WARN_UNUSED_VARIABLE = YES;
				IPHONEOS_DEPLOYMENT_TARGET = 11.0;
				MTL_ENABLE_DEBUG_INFO = NO;
				SDKROOT = iphoneos;
				SWIFT_OPTIMIZATION_LEVEL = "-Owholemodule";
				VALIDATE_PRODUCT = YES;
			};
			name = Release;
		};
		6E59C24F214A2BBF00B88D42 /* Debug */ = {
			isa = XCBuildConfiguration;
			buildSettings = {
				ASSETCATALOG_COMPILER_APPICON_NAME = AppIcon;
				CODE_SIGN_STYLE = Manual;
				DEVELOPMENT_TEAM = "";
				INFOPLIST_FILE = MVVMExample/Info.plist;
				LD_RUNPATH_SEARCH_PATHS = "$(inherited) @executable_path/Frameworks";
				PRODUCT_BUNDLE_IDENTIFIER = anoop.MVVMExample;
				PRODUCT_NAME = "$(TARGET_NAME)";
				PROVISIONING_PROFILE_SPECIFIER = "";
				SWIFT_VERSION = 4.0;
				TARGETED_DEVICE_FAMILY = "1,2";
			};
			name = Debug;
		};
		6E59C250214A2BBF00B88D42 /* Release */ = {
			isa = XCBuildConfiguration;
			buildSettings = {
				ASSETCATALOG_COMPILER_APPICON_NAME = AppIcon;
				CODE_SIGN_STYLE = Manual;
				DEVELOPMENT_TEAM = "";
				INFOPLIST_FILE = MVVMExample/Info.plist;
				LD_RUNPATH_SEARCH_PATHS = "$(inherited) @executable_path/Frameworks";
				PRODUCT_BUNDLE_IDENTIFIER = anoop.MVVMExample;
				PRODUCT_NAME = "$(TARGET_NAME)";
				PROVISIONING_PROFILE_SPECIFIER = "";
				SWIFT_VERSION = 4.0;
				TARGETED_DEVICE_FAMILY = "1,2";
			};
			name = Release;
		};
		6E59C264214A5C1700B88D42 /* Debug */ = {
			isa = XCBuildConfiguration;
			buildSettings = {
				BUNDLE_LOADER = "$(TEST_HOST)";
				CODE_SIGN_STYLE = Automatic;
				INFOPLIST_FILE = MVVMExampleTests/Info.plist;
				LD_RUNPATH_SEARCH_PATHS = "$(inherited) @executable_path/Frameworks @loader_path/Frameworks";
				PRODUCT_BUNDLE_IDENTIFIER = anoop.MVVMExampleTests;
				PRODUCT_NAME = "$(TARGET_NAME)";
				SWIFT_VERSION = 4.0;
				TARGETED_DEVICE_FAMILY = "1,2";
				TEST_HOST = "$(BUILT_PRODUCTS_DIR)/MVVMExample.app/MVVMExample";
			};
			name = Debug;
		};
		6E59C265214A5C1700B88D42 /* Release */ = {
			isa = XCBuildConfiguration;
			buildSettings = {
				BUNDLE_LOADER = "$(TEST_HOST)";
				CODE_SIGN_STYLE = Automatic;
				INFOPLIST_FILE = MVVMExampleTests/Info.plist;
				LD_RUNPATH_SEARCH_PATHS = "$(inherited) @executable_path/Frameworks @loader_path/Frameworks";
				PRODUCT_BUNDLE_IDENTIFIER = anoop.MVVMExampleTests;
				PRODUCT_NAME = "$(TARGET_NAME)";
				SWIFT_VERSION = 4.0;
				TARGETED_DEVICE_FAMILY = "1,2";
				TEST_HOST = "$(BUILT_PRODUCTS_DIR)/MVVMExample.app/MVVMExample";
			};
			name = Release;
		};
/* End XCBuildConfiguration section */

/* Begin XCConfigurationList section */
		6E59C237214A2BBF00B88D42 /* Build configuration list for PBXProject "MVVMExample" */ = {
			isa = XCConfigurationList;
			buildConfigurations = (
				6E59C24C214A2BBF00B88D42 /* Debug */,
				6E59C24D214A2BBF00B88D42 /* Release */,
			);
			defaultConfigurationIsVisible = 0;
			defaultConfigurationName = Release;
		};
		6E59C24E214A2BBF00B88D42 /* Build configuration list for PBXNativeTarget "MVVMExample" */ = {
			isa = XCConfigurationList;
			buildConfigurations = (
				6E59C24F214A2BBF00B88D42 /* Debug */,
				6E59C250214A2BBF00B88D42 /* Release */,
			);
			defaultConfigurationIsVisible = 0;
			defaultConfigurationName = Release;
		};
		6E59C263214A5C1700B88D42 /* Build configuration list for PBXNativeTarget "MVVMExampleTests" */ = {
			isa = XCConfigurationList;
			buildConfigurations = (
				6E59C264214A5C1700B88D42 /* Debug */,
				6E59C265214A5C1700B88D42 /* Release */,
			);
			defaultConfigurationIsVisible = 0;
			defaultConfigurationName = Release;
		};
/* End XCConfigurationList section */
	};
	rootObject = 6E59C234214A2BBF00B88D42 /* Project object */;
}
